// !$*UTF8*$!
{
	archiveVersion = 1;
	classes = {
	};
	objectVersion = 46;
	objects = {

/* Begin PBXBuildFile section */
		D05C91E51A84CA9F00A0D60E /* IMG_0587.jpg in Resources */ = {isa = PBXBuildFile; fileRef = D05C91E31A84CA9F00A0D60E /* IMG_0587.jpg */; };
		D05C91E61A84CA9F00A0D60E /* IMG_0588.jpg in Resources */ = {isa = PBXBuildFile; fileRef = D05C91E41A84CA9F00A0D60E /* IMG_0588.jpg */; };
		D0B72BB51A7CF58900546ED3 /* main.m in Sources */ = {isa = PBXBuildFile; fileRef = D0B72BB41A7CF58900546ED3 /* main.m */; };
		D0B72BB81A7CF58900546ED3 /* AppDelegate.m in Sources */ = {isa = PBXBuildFile; fileRef = D0B72BB71A7CF58900546ED3 /* AppDelegate.m */; };
		D0B72BBB1A7CF58900546ED3 /* BGSSwipeChooser.xcdatamodeld in Sources */ = {isa = PBXBuildFile; fileRef = D0B72BB91A7CF58900546ED3 /* BGSSwipeChooser.xcdatamodeld */; };
		D0B72BBE1A7CF58900546ED3 /* ViewController.m in Sources */ = {isa = PBXBuildFile; fileRef = D0B72BBD1A7CF58900546ED3 /* ViewController.m */; };
		D0B72BC11A7CF58900546ED3 /* Main.storyboard in Resources */ = {isa = PBXBuildFile; fileRef = D0B72BBF1A7CF58900546ED3 /* Main.storyboard */; };
		D0B72BC31A7CF58900546ED3 /* Images.xcassets in Resources */ = {isa = PBXBuildFile; fileRef = D0B72BC21A7CF58900546ED3 /* Images.xcassets */; };
		D0B72BC61A7CF58900546ED3 /* LaunchScreen.xib in Resources */ = {isa = PBXBuildFile; fileRef = D0B72BC41A7CF58900546ED3 /* LaunchScreen.xib */; };
		D0B72BD21A7CF58900546ED3 /* BGSSwipeChooserTests.m in Sources */ = {isa = PBXBuildFile; fileRef = D0B72BD11A7CF58900546ED3 /* BGSSwipeChooserTests.m */; };
		D0B72BDE1A7E789400546ED3 /* iPhone.storyboard in Resources */ = {isa = PBXBuildFile; fileRef = D0B72BDD1A7E789400546ED3 /* iPhone.storyboard */; };
		D0B72BEF1A7F7BEA00546ED3 /* BGSSwipeDataSource.m in Sources */ = {isa = PBXBuildFile; fileRef = D0B72BEE1A7F7BEA00546ED3 /* BGSSwipeDataSource.m */; };
		D0B72BF21A7F7C7400546ED3 /* BGSSwipeCVC.m in Sources */ = {isa = PBXBuildFile; fileRef = D0B72BF11A7F7C7400546ED3 /* BGSSwipeCVC.m */; };
		D0B72BF71A7F854300546ED3 /* BGSSampleScheduleEvent.m in Sources */ = {isa = PBXBuildFile; fileRef = D0B72BF61A7F854300546ED3 /* BGSSampleScheduleEvent.m */; };
		D0B72BFE1A7FA22100546ED3 /* Peter_cold.png in Resources */ = {isa = PBXBuildFile; fileRef = D0B72BF91A7FA22100546ED3 /* Peter_cold.png */; };
		D0B72BFF1A7FA22100546ED3 /* Peter_flower.png in Resources */ = {isa = PBXBuildFile; fileRef = D0B72BFA1A7FA22100546ED3 /* Peter_flower.png */; };
		D0B72C011A7FA22100546ED3 /* peter_hike.png in Resources */ = {isa = PBXBuildFile; fileRef = D0B72BFC1A7FA22100546ED3 /* peter_hike.png */; };
		D0B72C021A7FA22100546ED3 /* Peter_lookalike.png in Resources */ = {isa = PBXBuildFile; fileRef = D0B72BFD1A7FA22100546ED3 /* Peter_lookalike.png */; };
		D0B72C051A7FA58F00546ED3 /* BGSScheduleEventCell.m in Sources */ = {isa = PBXBuildFile; fileRef = D0B72C041A7FA58F00546ED3 /* BGSScheduleEventCell.m */; };
		D0B72C071A7FA63A00546ED3 /* QuartzCore.framework in Frameworks */ = {isa = PBXBuildFile; fileRef = D0B72C061A7FA63A00546ED3 /* QuartzCore.framework */; };
		D0B72C0B1A7FB17B00546ED3 /* BGSSwipeFlowLayout.m in Sources */ = {isa = PBXBuildFile; fileRef = D0B72C0A1A7FB17B00546ED3 /* BGSSwipeFlowLayout.m */; };
		D0B72C101A8114F100546ED3 /* BGSSwipeDecoration.m in Sources */ = {isa = PBXBuildFile; fileRef = D0B72C0E1A8114F000546ED3 /* BGSSwipeDecoration.m */; };
		D0B72C111A8114F100546ED3 /* BGSSwipeDecoration.xib in Resources */ = {isa = PBXBuildFile; fileRef = D0B72C0F1A8114F100546ED3 /* BGSSwipeDecoration.xib */; };
		D0B72C151A81263300546ED3 /* BGSSwipeDecorationHeader.m in Sources */ = {isa = PBXBuildFile; fileRef = D0B72C131A81263300546ED3 /* BGSSwipeDecorationHeader.m */; };
		D0B72C161A81263300546ED3 /* BGSSwipeDecorationHeader.xib in Resources */ = {isa = PBXBuildFile; fileRef = D0B72C141A81263300546ED3 /* BGSSwipeDecorationHeader.xib */; };
		D0B72C1C1A825AA400546ED3 /* fossil1.png in Resources */ = {isa = PBXBuildFile; fileRef = D0B72C171A825AA400546ED3 /* fossil1.png */; };
		D0B72C1D1A825AA400546ED3 /* lake1.png in Resources */ = {isa = PBXBuildFile; fileRef = D0B72C181A825AA400546ED3 /* lake1.png */; };
		D0B72C1E1A825AA400546ED3 /* lake2.png in Resources */ = {isa = PBXBuildFile; fileRef = D0B72C191A825AA400546ED3 /* lake2.png */; };
		D0B72C1F1A825AA400546ED3 /* lizard1.png in Resources */ = {isa = PBXBuildFile; fileRef = D0B72C1A1A825AA400546ED3 /* lizard1.png */; };
		D0B72C201A825AA400546ED3 /* roo1.png in Resources */ = {isa = PBXBuildFile; fileRef = D0B72C1B1A825AA400546ED3 /* roo1.png */; };
/* End PBXBuildFile section */

/* Begin PBXContainerItemProxy section */
		D0B72BCC1A7CF58900546ED3 /* PBXContainerItemProxy */ = {
			isa = PBXContainerItemProxy;
			containerPortal = D0B72BA71A7CF58800546ED3 /* Project object */;
			proxyType = 1;
			remoteGlobalIDString = D0B72BAE1A7CF58800546ED3;
			remoteInfo = BGSSwipeChooser;
		};
/* End PBXContainerItemProxy section */

/* Begin PBXFileReference section */
		D05C91E31A84CA9F00A0D60E /* IMG_0587.jpg */ = {isa = PBXFileReference; lastKnownFileType = image.jpeg; name = IMG_0587.jpg; path = Assets/IMG_0587.jpg; sourceTree = SOURCE_ROOT; };
		D05C91E41A84CA9F00A0D60E /* IMG_0588.jpg */ = {isa = PBXFileReference; lastKnownFileType = image.jpeg; name = IMG_0588.jpg; path = Assets/IMG_0588.jpg; sourceTree = SOURCE_ROOT; };
		D0B72BAF1A7CF58800546ED3 /* BGSSwipeChooser.app */ = {isa = PBXFileReference; explicitFileType = wrapper.application; includeInIndex = 0; path = BGSSwipeChooser.app; sourceTree = BUILT_PRODUCTS_DIR; };
		D0B72BB31A7CF58900546ED3 /* Info.plist */ = {isa = PBXFileReference; lastKnownFileType = text.plist.xml; path = Info.plist; sourceTree = "<group>"; };
		D0B72BB41A7CF58900546ED3 /* main.m */ = {isa = PBXFileReference; lastKnownFileType = sourcecode.c.objc; path = main.m; sourceTree = "<group>"; };
		D0B72BB61A7CF58900546ED3 /* AppDelegate.h */ = {isa = PBXFileReference; lastKnownFileType = sourcecode.c.h; path = AppDelegate.h; sourceTree = "<group>"; };
		D0B72BB71A7CF58900546ED3 /* AppDelegate.m */ = {isa = PBXFileReference; lastKnownFileType = sourcecode.c.objc; path = AppDelegate.m; sourceTree = "<group>"; };
		D0B72BBA1A7CF58900546ED3 /* BGSSwipeChooser.xcdatamodel */ = {isa = PBXFileReference; lastKnownFileType = wrapper.xcdatamodel; path = BGSSwipeChooser.xcdatamodel; sourceTree = "<group>"; };
		D0B72BBC1A7CF58900546ED3 /* ViewController.h */ = {isa = PBXFileReference; lastKnownFileType = sourcecode.c.h; path = ViewController.h; sourceTree = "<group>"; };
		D0B72BBD1A7CF58900546ED3 /* ViewController.m */ = {isa = PBXFileReference; lastKnownFileType = sourcecode.c.objc; path = ViewController.m; sourceTree = "<group>"; };
		D0B72BC01A7CF58900546ED3 /* Base */ = {isa = PBXFileReference; lastKnownFileType = file.storyboard; name = Base; path = Base.lproj/Main.storyboard; sourceTree = "<group>"; };
		D0B72BC21A7CF58900546ED3 /* Images.xcassets */ = {isa = PBXFileReference; lastKnownFileType = folder.assetcatalog; path = Images.xcassets; sourceTree = "<group>"; };
		D0B72BC51A7CF58900546ED3 /* Base */ = {isa = PBXFileReference; lastKnownFileType = file.xib; name = Base; path = Base.lproj/LaunchScreen.xib; sourceTree = "<group>"; };
		D0B72BCB1A7CF58900546ED3 /* BGSSwipeChooserTests.xctest */ = {isa = PBXFileReference; explicitFileType = wrapper.cfbundle; includeInIndex = 0; path = BGSSwipeChooserTests.xctest; sourceTree = BUILT_PRODUCTS_DIR; };
		D0B72BD01A7CF58900546ED3 /* Info.plist */ = {isa = PBXFileReference; lastKnownFileType = text.plist.xml; path = Info.plist; sourceTree = "<group>"; };
		D0B72BD11A7CF58900546ED3 /* BGSSwipeChooserTests.m */ = {isa = PBXFileReference; lastKnownFileType = sourcecode.c.objc; path = BGSSwipeChooserTests.m; sourceTree = "<group>"; };
		D0B72BDD1A7E789400546ED3 /* iPhone.storyboard */ = {isa = PBXFileReference; fileEncoding = 4; lastKnownFileType = file.storyboard; name = iPhone.storyboard; path = Storyboards/iPhone.storyboard; sourceTree = "<group>"; };
		D0B72BED1A7F7BEA00546ED3 /* BGSSwipeDataSource.h */ = {isa = PBXFileReference; fileEncoding = 4; lastKnownFileType = sourcecode.c.h; name = BGSSwipeDataSource.h; path = BGSSwipeCollectionView/dataSource/BGSSwipeDataSource.h; sourceTree = "<group>"; };
		D0B72BEE1A7F7BEA00546ED3 /* BGSSwipeDataSource.m */ = {isa = PBXFileReference; fileEncoding = 4; lastKnownFileType = sourcecode.c.objc; name = BGSSwipeDataSource.m; path = BGSSwipeCollectionView/dataSource/BGSSwipeDataSource.m; sourceTree = "<group>"; };
		D0B72BF01A7F7C7400546ED3 /* BGSSwipeCVC.h */ = {isa = PBXFileReference; fileEncoding = 4; lastKnownFileType = sourcecode.c.h; name = BGSSwipeCVC.h; path = BGSSwipeCollectionView/BGSSwipeCVC.h; sourceTree = "<group>"; };
		D0B72BF11A7F7C7400546ED3 /* BGSSwipeCVC.m */ = {isa = PBXFileReference; fileEncoding = 4; lastKnownFileType = sourcecode.c.objc; name = BGSSwipeCVC.m; path = BGSSwipeCollectionView/BGSSwipeCVC.m; sourceTree = "<group>"; };
		D0B72BF41A7F83A000546ED3 /* BGSScheduleEvent.h */ = {isa = PBXFileReference; lastKnownFileType = sourcecode.c.h; name = BGSScheduleEvent.h; path = BGSSwipeCollectionView/dataModel/BGSScheduleEvent.h; sourceTree = "<group>"; };
		D0B72BF51A7F854300546ED3 /* BGSSampleScheduleEvent.h */ = {isa = PBXFileReference; fileEncoding = 4; lastKnownFileType = sourcecode.c.h; name = BGSSampleScheduleEvent.h; path = BGSSwipeCollectionView/dataModel/BGSSampleScheduleEvent.h; sourceTree = "<group>"; };
		D0B72BF61A7F854300546ED3 /* BGSSampleScheduleEvent.m */ = {isa = PBXFileReference; fileEncoding = 4; lastKnownFileType = sourcecode.c.objc; name = BGSSampleScheduleEvent.m; path = BGSSwipeCollectionView/dataModel/BGSSampleScheduleEvent.m; sourceTree = "<group>"; };
		D0B72BF91A7FA22100546ED3 /* Peter_cold.png */ = {isa = PBXFileReference; lastKnownFileType = image.png; name = Peter_cold.png; path = Assets/Peter_cold.png; sourceTree = SOURCE_ROOT; };
		D0B72BFA1A7FA22100546ED3 /* Peter_flower.png */ = {isa = PBXFileReference; lastKnownFileType = image.png; name = Peter_flower.png; path = Assets/Peter_flower.png; sourceTree = SOURCE_ROOT; };
		D0B72BFC1A7FA22100546ED3 /* peter_hike.png */ = {isa = PBXFileReference; lastKnownFileType = image.png; name = peter_hike.png; path = Assets/peter_hike.png; sourceTree = SOURCE_ROOT; };
		D0B72BFD1A7FA22100546ED3 /* Peter_lookalike.png */ = {isa = PBXFileReference; lastKnownFileType = image.png; name = Peter_lookalike.png; path = Assets/Peter_lookalike.png; sourceTree = SOURCE_ROOT; };
		D0B72C031A7FA58F00546ED3 /* BGSScheduleEventCell.h */ = {isa = PBXFileReference; fileEncoding = 4; lastKnownFileType = sourcecode.c.h; name = BGSScheduleEventCell.h; path = BGSSwipeCollectionView/BGSScheduleEventCell.h; sourceTree = "<group>"; };
		D0B72C041A7FA58F00546ED3 /* BGSScheduleEventCell.m */ = {isa = PBXFileReference; fileEncoding = 4; lastKnownFileType = sourcecode.c.objc; name = BGSScheduleEventCell.m; path = BGSSwipeCollectionView/BGSScheduleEventCell.m; sourceTree = "<group>"; };
		D0B72C061A7FA63A00546ED3 /* QuartzCore.framework */ = {isa = PBXFileReference; lastKnownFileType = wrapper.framework; name = QuartzCore.framework; path = System/Library/Frameworks/QuartzCore.framework; sourceTree = SDKROOT; };
		D0B72C091A7FB17B00546ED3 /* BGSSwipeFlowLayout.h */ = {isa = PBXFileReference; fileEncoding = 4; lastKnownFileType = sourcecode.c.h; name = BGSSwipeFlowLayout.h; path = BGSSwipeCollectionView/flowLayout/BGSSwipeFlowLayout.h; sourceTree = "<group>"; };
		D0B72C0A1A7FB17B00546ED3 /* BGSSwipeFlowLayout.m */ = {isa = PBXFileReference; fileEncoding = 4; lastKnownFileType = sourcecode.c.objc; name = BGSSwipeFlowLayout.m; path = BGSSwipeCollectionView/flowLayout/BGSSwipeFlowLayout.m; sourceTree = "<group>"; };
		D0B72C0D1A8114F000546ED3 /* BGSSwipeDecoration.h */ = {isa = PBXFileReference; fileEncoding = 4; lastKnownFileType = sourcecode.c.h; name = BGSSwipeDecoration.h; path = BGSSwipeCollectionView/Decoration/BGSSwipeDecoration.h; sourceTree = "<group>"; };
		D0B72C0E1A8114F000546ED3 /* BGSSwipeDecoration.m */ = {isa = PBXFileReference; fileEncoding = 4; lastKnownFileType = sourcecode.c.objc; name = BGSSwipeDecoration.m; path = BGSSwipeCollectionView/Decoration/BGSSwipeDecoration.m; sourceTree = "<group>"; };
		D0B72C0F1A8114F100546ED3 /* BGSSwipeDecoration.xib */ = {isa = PBXFileReference; fileEncoding = 4; lastKnownFileType = file.xib; name = BGSSwipeDecoration.xib; path = BGSSwipeCollectionView/Decoration/BGSSwipeDecoration.xib; sourceTree = "<group>"; };
		D0B72C121A81263300546ED3 /* BGSSwipeDecorationHeader.h */ = {isa = PBXFileReference; fileEncoding = 4; lastKnownFileType = sourcecode.c.h; name = BGSSwipeDecorationHeader.h; path = BGSSwipeCollectionView/Decoration/BGSSwipeDecorationHeader.h; sourceTree = "<group>"; };
		D0B72C131A81263300546ED3 /* BGSSwipeDecorationHeader.m */ = {isa = PBXFileReference; fileEncoding = 4; lastKnownFileType = sourcecode.c.objc; name = BGSSwipeDecorationHeader.m; path = BGSSwipeCollectionView/Decoration/BGSSwipeDecorationHeader.m; sourceTree = "<group>"; };
		D0B72C141A81263300546ED3 /* BGSSwipeDecorationHeader.xib */ = {isa = PBXFileReference; fileEncoding = 4; lastKnownFileType = file.xib; name = BGSSwipeDecorationHeader.xib; path = BGSSwipeCollectionView/Decoration/BGSSwipeDecorationHeader.xib; sourceTree = "<group>"; };
		D0B72C171A825AA400546ED3 /* fossil1.png */ = {isa = PBXFileReference; lastKnownFileType = image.png; name = fossil1.png; path = Assets/fossil1.png; sourceTree = SOURCE_ROOT; };
		D0B72C181A825AA400546ED3 /* lake1.png */ = {isa = PBXFileReference; lastKnownFileType = image.png; name = lake1.png; path = Assets/lake1.png; sourceTree = SOURCE_ROOT; };
		D0B72C191A825AA400546ED3 /* lake2.png */ = {isa = PBXFileReference; lastKnownFileType = image.png; name = lake2.png; path = Assets/lake2.png; sourceTree = SOURCE_ROOT; };
		D0B72C1A1A825AA400546ED3 /* lizard1.png */ = {isa = PBXFileReference; lastKnownFileType = image.png; name = lizard1.png; path = Assets/lizard1.png; sourceTree = SOURCE_ROOT; };
		D0B72C1B1A825AA400546ED3 /* roo1.png */ = {isa = PBXFileReference; lastKnownFileType = image.png; name = roo1.png; path = Assets/roo1.png; sourceTree = SOURCE_ROOT; };
/* End PBXFileReference section */

/* Begin PBXFrameworksBuildPhase section */
		D0B72BAC1A7CF58800546ED3 /* Frameworks */ = {
			isa = PBXFrameworksBuildPhase;
			buildActionMask = 2147483647;
			files = (
				D0B72C071A7FA63A00546ED3 /* QuartzCore.framework in Frameworks */,
			);
			runOnlyForDeploymentPostprocessing = 0;
		};
		D0B72BC81A7CF58900546ED3 /* Frameworks */ = {
			isa = PBXFrameworksBuildPhase;
			buildActionMask = 2147483647;
			files = (
			);
			runOnlyForDeploymentPostprocessing = 0;
		};
/* End PBXFrameworksBuildPhase section */

/* Begin PBXGroup section */
		D0B72BA61A7CF58800546ED3 = {
			isa = PBXGroup;
			children = (
				D0B72C061A7FA63A00546ED3 /* QuartzCore.framework */,
				D0B72BB11A7CF58900546ED3 /* BGSSwipeChooser */,
				D0B72BCE1A7CF58900546ED3 /* BGSSwipeChooserTests */,
				D0B72BB01A7CF58900546ED3 /* Products */,
			);
			sourceTree = "<group>";
		};
		D0B72BB01A7CF58900546ED3 /* Products */ = {
			isa = PBXGroup;
			children = (
				D0B72BAF1A7CF58800546ED3 /* BGSSwipeChooser.app */,
				D0B72BCB1A7CF58900546ED3 /* BGSSwipeChooserTests.xctest */,
			);
			name = Products;
			sourceTree = "<group>";
		};
		D0B72BB11A7CF58900546ED3 /* BGSSwipeChooser */ = {
			isa = PBXGroup;
			children = (
				D0B72BF81A7FA04300546ED3 /* assets */,
				D0B72BDC1A7E780500546ED3 /* Storyboards */,
				D0B72BDB1A7CF7FA00546ED3 /* BGSSwipeCollectionView */,
				D0B72BB61A7CF58900546ED3 /* AppDelegate.h */,
				D0B72BB71A7CF58900546ED3 /* AppDelegate.m */,
				D0B72BBC1A7CF58900546ED3 /* ViewController.h */,
				D0B72BBD1A7CF58900546ED3 /* ViewController.m */,
				D0B72BC21A7CF58900546ED3 /* Images.xcassets */,
				D0B72BC41A7CF58900546ED3 /* LaunchScreen.xib */,
				D0B72BB91A7CF58900546ED3 /* BGSSwipeChooser.xcdatamodeld */,
				D0B72BB21A7CF58900546ED3 /* Supporting Files */,
			);
			path = BGSSwipeChooser;
			sourceTree = "<group>";
		};
		D0B72BB21A7CF58900546ED3 /* Supporting Files */ = {
			isa = PBXGroup;
			children = (
				D0B72BB31A7CF58900546ED3 /* Info.plist */,
				D0B72BB41A7CF58900546ED3 /* main.m */,
			);
			name = "Supporting Files";
			sourceTree = "<group>";
		};
		D0B72BCE1A7CF58900546ED3 /* BGSSwipeChooserTests */ = {
			isa = PBXGroup;
			children = (
				D0B72BD11A7CF58900546ED3 /* BGSSwipeChooserTests.m */,
				D0B72BCF1A7CF58900546ED3 /* Supporting Files */,
			);
			path = BGSSwipeChooserTests;
			sourceTree = "<group>";
		};
		D0B72BCF1A7CF58900546ED3 /* Supporting Files */ = {
			isa = PBXGroup;
			children = (
				D0B72BD01A7CF58900546ED3 /* Info.plist */,
			);
			name = "Supporting Files";
			sourceTree = "<group>";
		};
		D0B72BDB1A7CF7FA00546ED3 /* BGSSwipeCollectionView */ = {
			isa = PBXGroup;
			children = (
				D0B72C0C1A81146000546ED3 /* Decoration */,
				D0B72C081A7FB13700546ED3 /* flowLayout */,
				D0B72BF31A7F82DB00546ED3 /* dataModel */,
				D0B72BEC1A7F7B7F00546ED3 /* dataSource */,
				D0B72BF01A7F7C7400546ED3 /* BGSSwipeCVC.h */,
				D0B72BF11A7F7C7400546ED3 /* BGSSwipeCVC.m */,
				D0B72C031A7FA58F00546ED3 /* BGSScheduleEventCell.h */,
				D0B72C041A7FA58F00546ED3 /* BGSScheduleEventCell.m */,
			);
			name = BGSSwipeCollectionView;
			sourceTree = "<group>";
		};
		D0B72BDC1A7E780500546ED3 /* Storyboards */ = {
			isa = PBXGroup;
			children = (
				D0B72BBF1A7CF58900546ED3 /* Main.storyboard */,
				D0B72BDD1A7E789400546ED3 /* iPhone.storyboard */,
			);
			name = Storyboards;
			sourceTree = "<group>";
		};
		D0B72BEC1A7F7B7F00546ED3 /* dataSource */ = {
			isa = PBXGroup;
			children = (
				D0B72BED1A7F7BEA00546ED3 /* BGSSwipeDataSource.h */,
				D0B72BEE1A7F7BEA00546ED3 /* BGSSwipeDataSource.m */,
			);
			name = dataSource;
			sourceTree = "<group>";
		};
		D0B72BF31A7F82DB00546ED3 /* dataModel */ = {
			isa = PBXGroup;
			children = (
				D0B72BF41A7F83A000546ED3 /* BGSScheduleEvent.h */,
				D0B72BF51A7F854300546ED3 /* BGSSampleScheduleEvent.h */,
				D0B72BF61A7F854300546ED3 /* BGSSampleScheduleEvent.m */,
			);
			name = dataModel;
			sourceTree = "<group>";
		};
		D0B72BF81A7FA04300546ED3 /* assets */ = {
			isa = PBXGroup;
			children = (
				D05C91E31A84CA9F00A0D60E /* IMG_0587.jpg */,
				D05C91E41A84CA9F00A0D60E /* IMG_0588.jpg */,
				D0B72C171A825AA400546ED3 /* fossil1.png */,
				D0B72C181A825AA400546ED3 /* lake1.png */,
				D0B72C191A825AA400546ED3 /* lake2.png */,
				D0B72C1A1A825AA400546ED3 /* lizard1.png */,
				D0B72C1B1A825AA400546ED3 /* roo1.png */,
				D0B72BF91A7FA22100546ED3 /* Peter_cold.png */,
				D0B72BFA1A7FA22100546ED3 /* Peter_flower.png */,
				D0B72BFC1A7FA22100546ED3 /* peter_hike.png */,
				D0B72BFD1A7FA22100546ED3 /* Peter_lookalike.png */,
			);
			name = assets;
			sourceTree = "<group>";
		};
		D0B72C081A7FB13700546ED3 /* flowLayout */ = {
			isa = PBXGroup;
			children = (
				D0B72C091A7FB17B00546ED3 /* BGSSwipeFlowLayout.h */,
				D0B72C0A1A7FB17B00546ED3 /* BGSSwipeFlowLayout.m */,
			);
			name = flowLayout;
			sourceTree = "<group>";
		};
		D0B72C0C1A81146000546ED3 /* Decoration */ = {
			isa = PBXGroup;
			children = (
				D0B72C0D1A8114F000546ED3 /* BGSSwipeDecoration.h */,
				D0B72C0E1A8114F000546ED3 /* BGSSwipeDecoration.m */,
				D0B72C0F1A8114F100546ED3 /* BGSSwipeDecoration.xib */,
				D0B72C121A81263300546ED3 /* BGSSwipeDecorationHeader.h */,
				D0B72C131A81263300546ED3 /* BGSSwipeDecorationHeader.m */,
				D0B72C141A81263300546ED3 /* BGSSwipeDecorationHeader.xib */,
			);
			name = Decoration;
			sourceTree = "<group>";
		};
/* End PBXGroup section */

/* Begin PBXNativeTarget section */
		D0B72BAE1A7CF58800546ED3 /* BGSSwipeChooser */ = {
			isa = PBXNativeTarget;
			buildConfigurationList = D0B72BD51A7CF58900546ED3 /* Build configuration list for PBXNativeTarget "BGSSwipeChooser" */;
			buildPhases = (
				D0B72BAB1A7CF58800546ED3 /* Sources */,
				D0B72BAC1A7CF58800546ED3 /* Frameworks */,
				D0B72BAD1A7CF58800546ED3 /* Resources */,
			);
			buildRules = (
			);
			dependencies = (
			);
			name = BGSSwipeChooser;
			productName = BGSSwipeChooser;
			productReference = D0B72BAF1A7CF58800546ED3 /* BGSSwipeChooser.app */;
			productType = "com.apple.product-type.application";
		};
		D0B72BCA1A7CF58900546ED3 /* BGSSwipeChooserTests */ = {
			isa = PBXNativeTarget;
			buildConfigurationList = D0B72BD81A7CF58900546ED3 /* Build configuration list for PBXNativeTarget "BGSSwipeChooserTests" */;
			buildPhases = (
				D0B72BC71A7CF58900546ED3 /* Sources */,
				D0B72BC81A7CF58900546ED3 /* Frameworks */,
				D0B72BC91A7CF58900546ED3 /* Resources */,
			);
			buildRules = (
			);
			dependencies = (
				D0B72BCD1A7CF58900546ED3 /* PBXTargetDependency */,
			);
			name = BGSSwipeChooserTests;
			productName = BGSSwipeChooserTests;
			productReference = D0B72BCB1A7CF58900546ED3 /* BGSSwipeChooserTests.xctest */;
			productType = "com.apple.product-type.bundle.unit-test";
		};
/* End PBXNativeTarget section */

/* Begin PBXProject section */
		D0B72BA71A7CF58800546ED3 /* Project object */ = {
			isa = PBXProject;
			attributes = {
				LastUpgradeCheck = 0610;
				ORGANIZATIONNAME = "Bright Green Star";
				TargetAttributes = {
					D0B72BAE1A7CF58800546ED3 = {
						CreatedOnToolsVersion = 6.1.1;
					};
					D0B72BCA1A7CF58900546ED3 = {
						CreatedOnToolsVersion = 6.1.1;
						TestTargetID = D0B72BAE1A7CF58800546ED3;
					};
				};
			};
			buildConfigurationList = D0B72BAA1A7CF58800546ED3 /* Build configuration list for PBXProject "BGSSwipeChooser" */;
			compatibilityVersion = "Xcode 3.2";
			developmentRegion = English;
			hasScannedForEncodings = 0;
			knownRegions = (
				en,
				Base,
			);
			mainGroup = D0B72BA61A7CF58800546ED3;
			productRefGroup = D0B72BB01A7CF58900546ED3 /* Products */;
			projectDirPath = "";
			projectRoot = "";
			targets = (
				D0B72BAE1A7CF58800546ED3 /* BGSSwipeChooser */,
				D0B72BCA1A7CF58900546ED3 /* BGSSwipeChooserTests */,
			);
		};
/* End PBXProject section */

/* Begin PBXResourcesBuildPhase section */
		D0B72BAD1A7CF58800546ED3 /* Resources */ = {
			isa = PBXResourcesBuildPhase;
			buildActionMask = 2147483647;
			files = (
				D0B72BC11A7CF58900546ED3 /* Main.storyboard in Resources */,
				D0B72C1E1A825AA400546ED3 /* lake2.png in Resources */,
				D0B72C011A7FA22100546ED3 /* peter_hike.png in Resources */,
				D0B72BFE1A7FA22100546ED3 /* Peter_cold.png in Resources */,
				D0B72C1F1A825AA400546ED3 /* lizard1.png in Resources */,
				D0B72C1C1A825AA400546ED3 /* fossil1.png in Resources */,
				D0B72C021A7FA22100546ED3 /* Peter_lookalike.png in Resources */,
				D0B72BC61A7CF58900546ED3 /* LaunchScreen.xib in Resources */,
				D0B72C111A8114F100546ED3 /* BGSSwipeDecoration.xib in Resources */,
				D05C91E61A84CA9F00A0D60E /* IMG_0588.jpg in Resources */,
				D0B72BC31A7CF58900546ED3 /* Images.xcassets in Resources */,
				D0B72BDE1A7E789400546ED3 /* iPhone.storyboard in Resources */,
				D05C91E51A84CA9F00A0D60E /* IMG_0587.jpg in Resources */,
				D0B72C161A81263300546ED3 /* BGSSwipeDecorationHeader.xib in Resources */,
				D0B72C201A825AA400546ED3 /* roo1.png in Resources */,
				D0B72BFF1A7FA22100546ED3 /* Peter_flower.png in Resources */,
				D0B72C1D1A825AA400546ED3 /* lake1.png in Resources */,
			);
			runOnlyForDeploymentPostprocessing = 0;
		};
		D0B72BC91A7CF58900546ED3 /* Resources */ = {
			isa = PBXResourcesBuildPhase;
			buildActionMask = 2147483647;
			files = (
			);
			runOnlyForDeploymentPostprocessing = 0;
		};
/* End PBXResourcesBuildPhase section */

/* Begin PBXSourcesBuildPhase section */
		D0B72BAB1A7CF58800546ED3 /* Sources */ = {
			isa = PBXSourcesBuildPhase;
			buildActionMask = 2147483647;
			files = (
				D0B72BF71A7F854300546ED3 /* BGSSampleScheduleEvent.m in Sources */,
				D0B72C0B1A7FB17B00546ED3 /* BGSSwipeFlowLayout.m in Sources */,
				D0B72BF21A7F7C7400546ED3 /* BGSSwipeCVC.m in Sources */,
				D0B72BEF1A7F7BEA00546ED3 /* BGSSwipeDataSource.m in Sources */,
				D0B72BB81A7CF58900546ED3 /* AppDelegate.m in Sources */,
				D0B72C051A7FA58F00546ED3 /* BGSScheduleEventCell.m in Sources */,
				D0B72BB51A7CF58900546ED3 /* main.m in Sources */,
				D0B72C101A8114F100546ED3 /* BGSSwipeDecoration.m in Sources */,
				D0B72C151A81263300546ED3 /* BGSSwipeDecorationHeader.m in Sources */,
				D0B72BBE1A7CF58900546ED3 /* ViewController.m in Sources */,
				D0B72BBB1A7CF58900546ED3 /* BGSSwipeChooser.xcdatamodeld in Sources */,
			);
			runOnlyForDeploymentPostprocessing = 0;
		};
		D0B72BC71A7CF58900546ED3 /* Sources */ = {
			isa = PBXSourcesBuildPhase;
			buildActionMask = 2147483647;
			files = (
				D0B72BD21A7CF58900546ED3 /* BGSSwipeChooserTests.m in Sources */,
			);
			runOnlyForDeploymentPostprocessing = 0;
		};
/* End PBXSourcesBuildPhase section */

/* Begin PBXTargetDependency section */
		D0B72BCD1A7CF58900546ED3 /* PBXTargetDependency */ = {
			isa = PBXTargetDependency;
			target = D0B72BAE1A7CF58800546ED3 /* BGSSwipeChooser */;
			targetProxy = D0B72BCC1A7CF58900546ED3 /* PBXContainerItemProxy */;
		};
/* End PBXTargetDependency section */

/* Begin PBXVariantGroup section */
		D0B72BBF1A7CF58900546ED3 /* Main.storyboard */ = {
			isa = PBXVariantGroup;
			children = (
				D0B72BC01A7CF58900546ED3 /* Base */,
			);
			name = Main.storyboard;
			sourceTree = "<group>";
		};
		D0B72BC41A7CF58900546ED3 /* LaunchScreen.xib */ = {
			isa = PBXVariantGroup;
			children = (
				D0B72BC51A7CF58900546ED3 /* Base */,
			);
			name = LaunchScreen.xib;
			sourceTree = "<group>";
		};
/* End PBXVariantGroup section */

/* Begin XCBuildConfiguration section */
		D0B72BD31A7CF58900546ED3 /* Debug */ = {
			isa = XCBuildConfiguration;
			buildSettings = {
				ALWAYS_SEARCH_USER_PATHS = NO;
				CLANG_CXX_LANGUAGE_STANDARD = "gnu++0x";
				CLANG_CXX_LIBRARY = "libc++";
				CLANG_ENABLE_MODULES = YES;
				CLANG_ENABLE_OBJC_ARC = YES;
				CLANG_WARN_BOOL_CONVERSION = YES;
				CLANG_WARN_CONSTANT_CONVERSION = YES;
				CLANG_WARN_DIRECT_OBJC_ISA_USAGE = YES_ERROR;
				CLANG_WARN_EMPTY_BODY = YES;
				CLANG_WARN_ENUM_CONVERSION = YES;
				CLANG_WARN_INT_CONVERSION = YES;
				CLANG_WARN_OBJC_ROOT_CLASS = YES_ERROR;
				CLANG_WARN_UNREACHABLE_CODE = YES;
				CLANG_WARN__DUPLICATE_METHOD_MATCH = YES;
				"CODE_SIGN_IDENTITY[sdk=iphoneos*]" = "iPhone Developer";
				COPY_PHASE_STRIP = NO;
				ENABLE_STRICT_OBJC_MSGSEND = YES;
				GCC_C_LANGUAGE_STANDARD = gnu99;
				GCC_DYNAMIC_NO_PIC = NO;
				GCC_OPTIMIZATION_LEVEL = 0;
				GCC_PREPROCESSOR_DEFINITIONS = (
					"DEBUG=1",
					"$(inherited)",
				);
				GCC_SYMBOLS_PRIVATE_EXTERN = NO;
				GCC_WARN_64_TO_32_BIT_CONVERSION = YES;
				GCC_WARN_ABOUT_RETURN_TYPE = YES_ERROR;
				GCC_WARN_UNDECLARED_SELECTOR = YES;
				GCC_WARN_UNINITIALIZED_AUTOS = YES_AGGRESSIVE;
				GCC_WARN_UNUSED_FUNCTION = YES;
				GCC_WARN_UNUSED_VARIABLE = YES;
				IPHONEOS_DEPLOYMENT_TARGET = 8.1;
				MTL_ENABLE_DEBUG_INFO = YES;
				ONLY_ACTIVE_ARCH = YES;
				SDKROOT = iphoneos;
				TARGETED_DEVICE_FAMILY = "1,2";
			};
			name = Debug;
		};
		D0B72BD41A7CF58900546ED3 /* Release */ = {
			isa = XCBuildConfiguration;
			buildSettings = {
				ALWAYS_SEARCH_USER_PATHS = NO;
				CLANG_CXX_LANGUAGE_STANDARD = "gnu++0x";
				CLANG_CXX_LIBRARY = "libc++";
				CLANG_ENABLE_MODULES = YES;
				CLANG_ENABLE_OBJC_ARC = YES;
				CLANG_WARN_BOOL_CONVERSION = YES;
				CLANG_WARN_CONSTANT_CONVERSION = YES;
				CLANG_WARN_DIRECT_OBJC_ISA_USAGE = YES_ERROR;
				CLANG_WARN_EMPTY_BODY = YES;
				CLANG_WARN_ENUM_CONVERSION = YES;
				CLANG_WARN_INT_CONVERSION = YES;
				CLANG_WARN_OBJC_ROOT_CLASS = YES_ERROR;
				CLANG_WARN_UNREACHABLE_CODE = YES;
				CLANG_WARN__DUPLICATE_METHOD_MATCH = YES;
				"CODE_SIGN_IDENTITY[sdk=iphoneos*]" = "iPhone Developer";
				COPY_PHASE_STRIP = YES;
				ENABLE_NS_ASSERTIONS = NO;
				ENABLE_STRICT_OBJC_MSGSEND = YES;
				GCC_C_LANGUAGE_STANDARD = gnu99;
				GCC_WARN_64_TO_32_BIT_CONVERSION = YES;
				GCC_WARN_ABOUT_RETURN_TYPE = YES_ERROR;
				GCC_WARN_UNDECLARED_SELECTOR = YES;
				GCC_WARN_UNINITIALIZED_AUTOS = YES_AGGRESSIVE;
				GCC_WARN_UNUSED_FUNCTION = YES;
				GCC_WARN_UNUSED_VARIABLE = YES;
				IPHONEOS_DEPLOYMENT_TARGET = 8.1;
				MTL_ENABLE_DEBUG_INFO = NO;
				SDKROOT = iphoneos;
				TARGETED_DEVICE_FAMILY = "1,2";
				VALIDATE_PRODUCT = YES;
			};
			name = Release;
		};
		D0B72BD61A7CF58900546ED3 /* Debug */ = {
			isa = XCBuildConfiguration;
			buildSettings = {
				ASSETCATALOG_COMPILER_APPICON_NAME = AppIcon;
				INFOPLIST_FILE = BGSSwipeChooser/Info.plist;
				LD_RUNPATH_SEARCH_PATHS = "$(inherited) @executable_path/Frameworks";
				PRODUCT_NAME = "$(TARGET_NAME)";
				TARGETED_DEVICE_FAMILY = 1;
			};
			name = Debug;
		};
		D0B72BD71A7CF58900546ED3 /* Release */ = {
			isa = XCBuildConfiguration;
			buildSettings = {
				ASSETCATALOG_COMPILER_APPICON_NAME = AppIcon;
				INFOPLIST_FILE = BGSSwipeChooser/Info.plist;
				LD_RUNPATH_SEARCH_PATHS = "$(inherited) @executable_path/Frameworks";
				PRODUCT_NAME = "$(TARGET_NAME)";
				TARGETED_DEVICE_FAMILY = 1;
			};
			name = Release;
		};
		D0B72BD91A7CF58900546ED3 /* Debug */ = {
			isa = XCBuildConfiguration;
			buildSettings = {
				BUNDLE_LOADER = "$(TEST_HOST)";
				FRAMEWORK_SEARCH_PATHS = (
					"$(SDKROOT)/Developer/Library/Frameworks",
					"$(inherited)",
				);
				GCC_PREPROCESSOR_DEFINITIONS = (
					"DEBUG=1",
					"$(inherited)",
				);
				INFOPLIST_FILE = BGSSwipeChooserTests/Info.plist;
				LD_RUNPATH_SEARCH_PATHS = "$(inherited) @executable_path/Frameworks @loader_path/Frameworks";
				PRODUCT_NAME = "$(TARGET_NAME)";
				TEST_HOST = "$(BUILT_PRODUCTS_DIR)/BGSSwipeChooser.app/BGSSwipeChooser";
			};
			name = Debug;
		};
		D0B72BDA1A7CF58900546ED3 /* Release */ = {
			isa = XCBuildConfiguration;
			buildSettings = {
				BUNDLE_LOADER = "$(TEST_HOST)";
				FRAMEWORK_SEARCH_PATHS = (
					"$(SDKROOT)/Developer/Library/Frameworks",
					"$(inherited)",
				);
				INFOPLIST_FILE = BGSSwipeChooserTests/Info.plist;
				LD_RUNPATH_SEARCH_PATHS = "$(inherited) @executable_path/Frameworks @loader_path/Frameworks";
				PRODUCT_NAME = "$(TARGET_NAME)";
				TEST_HOST = "$(BUILT_PRODUCTS_DIR)/BGSSwipeChooser.app/BGSSwipeChooser";
			};
			name = Release;
		};
/* End XCBuildConfiguration section */

/* Begin XCConfigurationList section */
		D0B72BAA1A7CF58800546ED3 /* Build configuration list for PBXProject "BGSSwipeChooser" */ = {
			isa = XCConfigurationList;
			buildConfigurations = (
				D0B72BD31A7CF58900546ED3 /* Debug */,
				D0B72BD41A7CF58900546ED3 /* Release */,
			);
			defaultConfigurationIsVisible = 0;
			defaultConfigurationName = Release;
		};
		D0B72BD51A7CF58900546ED3 /* Build configuration list for PBXNativeTarget "BGSSwipeChooser" */ = {
			isa = XCConfigurationList;
			buildConfigurations = (
				D0B72BD61A7CF58900546ED3 /* Debug */,
				D0B72BD71A7CF58900546ED3 /* Release */,
			);
			defaultConfigurationIsVisible = 0;
			defaultConfigurationName = Release;
		};
		D0B72BD81A7CF58900546ED3 /* Build configuration list for PBXNativeTarget "BGSSwipeChooserTests" */ = {
			isa = XCConfigurationList;
			buildConfigurations = (
				D0B72BD91A7CF58900546ED3 /* Debug */,
				D0B72BDA1A7CF58900546ED3 /* Release */,
			);
			defaultConfigurationIsVisible = 0;
			defaultConfigurationName = Release;
		};
/* End XCConfigurationList section */

/* Begin XCVersionGroup section */
		D0B72BB91A7CF58900546ED3 /* BGSSwipeChooser.xcdatamodeld */ = {
			isa = XCVersionGroup;
			children = (
				D0B72BBA1A7CF58900546ED3 /* BGSSwipeChooser.xcdatamodel */,
			);
			currentVersion = D0B72BBA1A7CF58900546ED3 /* BGSSwipeChooser.xcdatamodel */;
			path = BGSSwipeChooser.xcdatamodeld;
			sourceTree = "<group>";
			versionGroupType = wrapper.xcdatamodel;
		};
/* End XCVersionGroup section */
	};
	rootObject = D0B72BA71A7CF58800546ED3 /* Project object */;
}
